
Microsoft Visual Studio Solution File, Format Version 12.00
# Visual Studio 14
VisualStudioVersion = 14.0.24720.0
MinimumVisualStudioVersion = 10.0.40219.1
Project("{2150E333-8FDC-42A3-9474-1A3956D46DE8}") = "src", "src", "{DEF5CD9D-699E-4E1E-8819-93E100E9A85F}"
EndProject
Project("{2150E333-8FDC-42A3-9474-1A3956D46DE8}") = "publishing", "publishing", "{034C976C-1A96-46FD-A8CB-596B1D0CD331}"
EndProject
Project("{2150E333-8FDC-42A3-9474-1A3956D46DE8}") = "examples", "examples", "{118538B0-BF8C-4334-BC24-E7FADB9DD621}"
EndProject
Project("{FAE04EC0-301F-11D3-BF4B-00C04F79EFBC}") = "Metrics.NET.RabbitMQ", "src\Metrics.NET.RabbitMQ\Metrics.NET.RabbitMQ.csproj", "{5750E355-7DDE-4A91-8A3A-902DB0E2D339}"
EndProject
Project("{FAE04EC0-301F-11D3-BF4B-00C04F79EFBC}") = "SimpleReporter", "examples\SimpleReporter\SimpleReporter.csproj", "{C92469AF-BA1C-4903-A43B-209382C3BF39}"
EndProject
Global
	GlobalSection(SolutionConfigurationPlatforms) = preSolution
		Debug|Any CPU = Debug|Any CPU
		Release|Any CPU = Release|Any CPU
	EndGlobalSection
	GlobalSection(ProjectConfigurationPlatforms) = postSolution
		{5750E355-7DDE-4A91-8A3A-902DB0E2D339}.Debug|Any CPU.ActiveCfg = Debug|Any CPU
		{5750E355-7DDE-4A91-8A3A-902DB0E2D339}.Debug|Any CPU.Build.0 = Debug|Any CPU
		{5750E355-7DDE-4A91-8A3A-902DB0E2D339}.Release|Any CPU.ActiveCfg = Release|Any CPU
		{5750E355-7DDE-4A91-8A3A-902DB0E2D339}.Release|Any CPU.Build.0 = Release|Any CPU
		{C92469AF-BA1C-4903-A43B-209382C3BF39}.Debug|Any CPU.ActiveCfg = Debug|Any CPU
		{C92469AF-BA1C-4903-A43B-209382C3BF39}.Debug|Any CPU.Build.0 = Debug|Any CPU
		{C92469AF-BA1C-4903-A43B-209382C3BF39}.Release|Any CPU.ActiveCfg = Release|Any CPU
		{C92469AF-BA1C-4903-A43B-209382C3BF39}.Release|Any CPU.Build.0 = Release|Any CPU
	EndGlobalSection
	GlobalSection(SolutionProperties) = preSolution
		HideSolutionNode = FALSE
	EndGlobalSection
	GlobalSection(NestedProjects) = preSolution
		{5750E355-7DDE-4A91-8A3A-902DB0E2D339} = {DEF5CD9D-699E-4E1E-8819-93E100E9A85F}
		{C92469AF-BA1C-4903-A43B-209382C3BF39} = {118538B0-BF8C-4334-BC24-E7FADB9DD621}
	EndGlobalSection
EndGlobal
